
Microsoft Visual Studio Solution File, Format Version 12.00
Project("{FAE04EC0-301F-11D3-BF4B-00C04F79EFBC}") = "MouseAttack", "MouseAttack\MouseAttack.csproj", "{5B63F7C9-210A-4E5D-8298-DBB6AB8FB365}"
EndProject
Global
	GlobalSection(SolutionConfigurationPlatforms) = preSolution
		Debug|Any CPU = Debug|Any CPU
		Release|Any CPU = Release|Any CPU
	EndGlobalSection
	GlobalSection(ProjectConfigurationPlatforms) = postSolution
		{5B63F7C9-210A-4E5D-8298-DBB6AB8FB365}.Debug|Any CPU.ActiveCfg = Debug|Any CPU
		{5B63F7C9-210A-4E5D-8298-DBB6AB8FB365}.Debug|Any CPU.Build.0 = Debug|Any CPU
		{5B63F7C9-210A-4E5D-8298-DBB6AB8FB365}.Release|Any CPU.ActiveCfg = Release|Any CPU
		{5B63F7C9-210A-4E5D-8298-DBB6AB8FB365}.Release|Any CPU.Build.0 = Release|Any CPU
	EndGlobalSection
EndGlobal
